
Microsoft Visual Studio Solution File, Format Version 12.00
# Visual Studio Version 17
VisualStudioVersion = 17.12.35527.113 d17.12
MinimumVisualStudioVersion = 10.0.40219.1
Project("{2150E333-8FDC-42A3-9474-1A3956D46DE8}") = "src", "src", "{34999EF4-6FBF-4A1D-91C5-72261A2CF7DD}"
EndProject
Project("{2150E333-8FDC-42A3-9474-1A3956D46DE8}") = "Services", "Services", "{081352CA-0817-4D83-9DCD-9922FB8D958C}"
EndProject
Project("{2150E333-8FDC-42A3-9474-1A3956D46DE8}") = "catalog", "catalog", "{B517BD95-DA26-49A7-A04D-887CE4D1A5CA}"
EndProject
Project("{FAE04EC0-301F-11D3-BF4B-00C04F79EFBC}") = "Catalog.API", "src\Services\catalog\Catalog.API\Catalog.API.csproj", "{824305D8-FE25-4B58-84FB-A185616BDBF3}"
EndProject
Project("{FAE04EC0-301F-11D3-BF4B-00C04F79EFBC}") = "Catalog.Application", "src\Services\Catalog\Catalog.Application\Catalog.Application.csproj", "{B58D55BD-4292-49D5-8BAE-130BB8FB2FCA}"
EndProject
Project("{FAE04EC0-301F-11D3-BF4B-00C04F79EFBC}") = "Catalog.Infrastructure", "src\Services\Catalog\Catalog.Infrastructure\Catalog.Infrastructure.csproj", "{33974D21-845F-48DF-935F-6A9AB4081339}"
EndProject
Project("{FAE04EC0-301F-11D3-BF4B-00C04F79EFBC}") = "Catalog.Domain", "src\Services\Catalog\Catalog.Domain\Catalog.Domain.csproj", "{6E34DF12-031F-4FC0-A056-F7715D01F7FC}"
EndProject
Project("{2150E333-8FDC-42A3-9474-1A3956D46DE8}") = "Ordering", "Ordering", "{4BA06E22-6C97-4071-8987-10DC374B483D}"
EndProject
Project("{FAE04EC0-301F-11D3-BF4B-00C04F79EFBC}") = "Ordering.Domain", "src\Services\Ordering\Ordering.Domain\Ordering.Domain.csproj", "{063CB033-45AE-444E-8875-FFDD335F2D23}"
EndProject
Project("{FAE04EC0-301F-11D3-BF4B-00C04F79EFBC}") = "Ordering.Application", "src\Services\Ordering\Ordering.Application\Ordering.Application.csproj", "{D30240CD-5E35-4533-BDBB-EE794150A2ED}"
EndProject
Project("{FAE04EC0-301F-11D3-BF4B-00C04F79EFBC}") = "Ordering.Infrastructure", "src\Services\Ordering\Ordering.Infrastructure\Ordering.Infrastructure.csproj", "{95473B08-FACF-4945-913E-B445151E8330}"
EndProject
Project("{FAE04EC0-301F-11D3-BF4B-00C04F79EFBC}") = "Ordering.API", "src\Services\Ordering\Ordering.API\Ordering.API.csproj", "{2FBC6146-E045-4D5D-A27C-DB59B9B0E340}"
EndProject
Project("{2150E333-8FDC-42A3-9474-1A3956D46DE8}") = "Identity", "Identity", "{6F12FCCE-8255-41B7-8D00-AF8635115458}"
EndProject
Project("{FAE04EC0-301F-11D3-BF4B-00C04F79EFBC}") = "Identity.API", "src\Services\Identity\Identity.API\Identity.API.csproj", "{5BA35FF6-7867-4EDD-A7F4-CC83E2A1273A}"
EndProject
Project("{FAE04EC0-301F-11D3-BF4B-00C04F79EFBC}") = "Identity.Infrastructure", "src\Services\Identity\Identity.Infrastructure\Identity.Infrastructure.csproj", "{B17DAA0C-0423-40FD-9884-E794007AA329}"
EndProject
Project("{2150E333-8FDC-42A3-9474-1A3956D46DE8}") = "ApiGateways", "ApiGateways", "{2F0F723D-1FF6-4F99-A57E-F0C62CFBFA7B}"
EndProject
Project("{FAE04EC0-301F-11D3-BF4B-00C04F79EFBC}") = "Web.BFF", "src\ApiGateways\Web.BFF\Web.BFF.csproj", "{051AD07A-7133-4B62-8874-1C62F43499E1}"
EndProject
Project("{2150E333-8FDC-42A3-9474-1A3956D46DE8}") = "BuildingBlocks", "BuildingBlocks", "{A9812F81-0D2A-4825-AB73-A3460B606BE7}"
EndProject
Project("{FAE04EC0-301F-11D3-BF4B-00C04F79EFBC}") = "Common", "src\BuildingBlocks\Common\Common.csproj", "{F21290EC-A22C-49E4-AB78-CC695F9C92B9}"
EndProject
Project("{FAE04EC0-301F-11D3-BF4B-00C04F79EFBC}") = "EventBus", "src\BuildingBlocks\EventBus\EventBus.csproj", "{8698B3D0-2F4B-4563-9C3F-F360C7972975}"
EndProject
Global
	GlobalSection(SolutionProperties) = preSolution
		HideSolutionNode = FALSE
	EndGlobalSection
	GlobalSection(SolutionConfigurationPlatforms) = preSolution
		Debug|Any CPU = Debug|Any CPU
		Debug|x64 = Debug|x64
		Debug|x86 = Debug|x86
		Release|Any CPU = Release|Any CPU
		Release|x64 = Release|x64
		Release|x86 = Release|x86
	EndGlobalSection
	GlobalSection(ProjectConfigurationPlatforms) = postSolution
		{824305D8-FE25-4B58-84FB-A185616BDBF3}.Debug|Any CPU.ActiveCfg = Debug|Any CPU
		{824305D8-FE25-4B58-84FB-A185616BDBF3}.Debug|Any CPU.Build.0 = Debug|Any CPU
		{824305D8-FE25-4B58-84FB-A185616BDBF3}.Debug|x64.ActiveCfg = Debug|Any CPU
		{824305D8-FE25-4B58-84FB-A185616BDBF3}.Debug|x64.Build.0 = Debug|Any CPU
		{824305D8-FE25-4B58-84FB-A185616BDBF3}.Debug|x86.ActiveCfg = Debug|Any CPU
		{824305D8-FE25-4B58-84FB-A185616BDBF3}.Debug|x86.Build.0 = Debug|Any CPU
		{824305D8-FE25-4B58-84FB-A185616BDBF3}.Release|Any CPU.ActiveCfg = Release|Any CPU
		{824305D8-FE25-4B58-84FB-A185616BDBF3}.Release|Any CPU.Build.0 = Release|Any CPU
		{824305D8-FE25-4B58-84FB-A185616BDBF3}.Release|x64.ActiveCfg = Release|Any CPU
		{824305D8-FE25-4B58-84FB-A185616BDBF3}.Release|x64.Build.0 = Release|Any CPU
		{824305D8-FE25-4B58-84FB-A185616BDBF3}.Release|x86.ActiveCfg = Release|Any CPU
		{824305D8-FE25-4B58-84FB-A185616BDBF3}.Release|x86.Build.0 = Release|Any CPU
		{B58D55BD-4292-49D5-8BAE-130BB8FB2FCA}.Debug|Any CPU.ActiveCfg = Debug|Any CPU
		{B58D55BD-4292-49D5-8BAE-130BB8FB2FCA}.Debug|Any CPU.Build.0 = Debug|Any CPU
		{B58D55BD-4292-49D5-8BAE-130BB8FB2FCA}.Debug|x64.ActiveCfg = Debug|Any CPU
		{B58D55BD-4292-49D5-8BAE-130BB8FB2FCA}.Debug|x64.Build.0 = Debug|Any CPU
		{B58D55BD-4292-49D5-8BAE-130BB8FB2FCA}.Debug|x86.ActiveCfg = Debug|Any CPU
		{B58D55BD-4292-49D5-8BAE-130BB8FB2FCA}.Debug|x86.Build.0 = Debug|Any CPU
		{B58D55BD-4292-49D5-8BAE-130BB8FB2FCA}.Release|Any CPU.ActiveCfg = Release|Any CPU
		{B58D55BD-4292-49D5-8BAE-130BB8FB2FCA}.Release|Any CPU.Build.0 = Release|Any CPU
		{B58D55BD-4292-49D5-8BAE-130BB8FB2FCA}.Release|x64.ActiveCfg = Release|Any CPU
		{B58D55BD-4292-49D5-8BAE-130BB8FB2FCA}.Release|x64.Build.0 = Release|Any CPU
		{B58D55BD-4292-49D5-8BAE-130BB8FB2FCA}.Release|x86.ActiveCfg = Release|Any CPU
		{B58D55BD-4292-49D5-8BAE-130BB8FB2FCA}.Release|x86.Build.0 = Release|Any CPU
		{33974D21-845F-48DF-935F-6A9AB4081339}.Debug|Any CPU.ActiveCfg = Debug|Any CPU
		{33974D21-845F-48DF-935F-6A9AB4081339}.Debug|Any CPU.Build.0 = Debug|Any CPU
		{33974D21-845F-48DF-935F-6A9AB4081339}.Debug|x64.ActiveCfg = Debug|Any CPU
		{33974D21-845F-48DF-935F-6A9AB4081339}.Debug|x64.Build.0 = Debug|Any CPU
		{33974D21-845F-48DF-935F-6A9AB4081339}.Debug|x86.ActiveCfg = Debug|Any CPU
		{33974D21-845F-48DF-935F-6A9AB4081339}.Debug|x86.Build.0 = Debug|Any CPU
		{33974D21-845F-48DF-935F-6A9AB4081339}.Release|Any CPU.ActiveCfg = Release|Any CPU
		{33974D21-845F-48DF-935F-6A9AB4081339}.Release|Any CPU.Build.0 = Release|Any CPU
		{33974D21-845F-48DF-935F-6A9AB4081339}.Release|x64.ActiveCfg = Release|Any CPU
		{33974D21-845F-48DF-935F-6A9AB4081339}.Release|x64.Build.0 = Release|Any CPU
		{33974D21-845F-48DF-935F-6A9AB4081339}.Release|x86.ActiveCfg = Release|Any CPU
		{33974D21-845F-48DF-935F-6A9AB4081339}.Release|x86.Build.0 = Release|Any CPU
		{6E34DF12-031F-4FC0-A056-F7715D01F7FC}.Debug|Any CPU.ActiveCfg = Debug|Any CPU
		{6E34DF12-031F-4FC0-A056-F7715D01F7FC}.Debug|Any CPU.Build.0 = Debug|Any CPU
		{6E34DF12-031F-4FC0-A056-F7715D01F7FC}.Debug|x64.ActiveCfg = Debug|Any CPU
		{6E34DF12-031F-4FC0-A056-F7715D01F7FC}.Debug|x64.Build.0 = Debug|Any CPU
		{6E34DF12-031F-4FC0-A056-F7715D01F7FC}.Debug|x86.ActiveCfg = Debug|Any CPU
		{6E34DF12-031F-4FC0-A056-F7715D01F7FC}.Debug|x86.Build.0 = Debug|Any CPU
		{6E34DF12-031F-4FC0-A056-F7715D01F7FC}.Release|Any CPU.ActiveCfg = Release|Any CPU
		{6E34DF12-031F-4FC0-A056-F7715D01F7FC}.Release|Any CPU.Build.0 = Release|Any CPU
		{6E34DF12-031F-4FC0-A056-F7715D01F7FC}.Release|x64.ActiveCfg = Release|Any CPU
		{6E34DF12-031F-4FC0-A056-F7715D01F7FC}.Release|x64.Build.0 = Release|Any CPU
		{6E34DF12-031F-4FC0-A056-F7715D01F7FC}.Release|x86.ActiveCfg = Release|Any CPU
		{6E34DF12-031F-4FC0-A056-F7715D01F7FC}.Release|x86.Build.0 = Release|Any CPU
		{063CB033-45AE-444E-8875-FFDD335F2D23}.Debug|Any CPU.ActiveCfg = Debug|Any CPU
		{063CB033-45AE-444E-8875-FFDD335F2D23}.Debug|Any CPU.Build.0 = Debug|Any CPU
		{063CB033-45AE-444E-8875-FFDD335F2D23}.Debug|x64.ActiveCfg = Debug|Any CPU
		{063CB033-45AE-444E-8875-FFDD335F2D23}.Debug|x64.Build.0 = Debug|Any CPU
		{063CB033-45AE-444E-8875-FFDD335F2D23}.Debug|x86.ActiveCfg = Debug|Any CPU
		{063CB033-45AE-444E-8875-FFDD335F2D23}.Debug|x86.Build.0 = Debug|Any CPU
		{063CB033-45AE-444E-8875-FFDD335F2D23}.Release|Any CPU.ActiveCfg = Release|Any CPU
		{063CB033-45AE-444E-8875-FFDD335F2D23}.Release|Any CPU.Build.0 = Release|Any CPU
		{063CB033-45AE-444E-8875-FFDD335F2D23}.Release|x64.ActiveCfg = Release|Any CPU
		{063CB033-45AE-444E-8875-FFDD335F2D23}.Release|x64.Build.0 = Release|Any CPU
		{063CB033-45AE-444E-8875-FFDD335F2D23}.Release|x86.ActiveCfg = Release|Any CPU
		{063CB033-45AE-444E-8875-FFDD335F2D23}.Release|x86.Build.0 = Release|Any CPU
		{D30240CD-5E35-4533-BDBB-EE794150A2ED}.Debug|Any CPU.ActiveCfg = Debug|Any CPU
		{D30240CD-5E35-4533-BDBB-EE794150A2ED}.Debug|Any CPU.Build.0 = Debug|Any CPU
		{D30240CD-5E35-4533-BDBB-EE794150A2ED}.Debug|x64.ActiveCfg = Debug|Any CPU
		{D30240CD-5E35-4533-BDBB-EE794150A2ED}.Debug|x64.Build.0 = Debug|Any CPU
		{D30240CD-5E35-4533-BDBB-EE794150A2ED}.Debug|x86.ActiveCfg = Debug|Any CPU
		{D30240CD-5E35-4533-BDBB-EE794150A2ED}.Debug|x86.Build.0 = Debug|Any CPU
		{D30240CD-5E35-4533-BDBB-EE794150A2ED}.Release|Any CPU.ActiveCfg = Release|Any CPU
		{D30240CD-5E35-4533-BDBB-EE794150A2ED}.Release|Any CPU.Build.0 = Release|Any CPU
		{D30240CD-5E35-4533-BDBB-EE794150A2ED}.Release|x64.ActiveCfg = Release|Any CPU
		{D30240CD-5E35-4533-BDBB-EE794150A2ED}.Release|x64.Build.0 = Release|Any CPU
		{D30240CD-5E35-4533-BDBB-EE794150A2ED}.Release|x86.ActiveCfg = Release|Any CPU
		{D30240CD-5E35-4533-BDBB-EE794150A2ED}.Release|x86.Build.0 = Release|Any CPU
		{95473B08-FACF-4945-913E-B445151E8330}.Debug|Any CPU.ActiveCfg = Debug|Any CPU
		{95473B08-FACF-4945-913E-B445151E8330}.Debug|Any CPU.Build.0 = Debug|Any CPU
		{95473B08-FACF-4945-913E-B445151E8330}.Debug|x64.ActiveCfg = Debug|Any CPU
		{95473B08-FACF-4945-913E-B445151E8330}.Debug|x64.Build.0 = Debug|Any CPU
		{95473B08-FACF-4945-913E-B445151E8330}.Debug|x86.ActiveCfg = Debug|Any CPU
		{95473B08-FACF-4945-913E-B445151E8330}.Debug|x86.Build.0 = Debug|Any CPU
		{95473B08-FACF-4945-913E-B445151E8330}.Release|Any CPU.ActiveCfg = Release|Any CPU
		{95473B08-FACF-4945-913E-B445151E8330}.Release|Any CPU.Build.0 = Release|Any CPU
		{95473B08-FACF-4945-913E-B445151E8330}.Release|x64.ActiveCfg = Release|Any CPU
		{95473B08-FACF-4945-913E-B445151E8330}.Release|x64.Build.0 = Release|Any CPU
		{95473B08-FACF-4945-913E-B445151E8330}.Release|x86.ActiveCfg = Release|Any CPU
		{95473B08-FACF-4945-913E-B445151E8330}.Release|x86.Build.0 = Release|Any CPU
		{2FBC6146-E045-4D5D-A27C-DB59B9B0E340}.Debug|Any CPU.ActiveCfg = Debug|Any CPU
		{2FBC6146-E045-4D5D-A27C-DB59B9B0E340}.Debug|Any CPU.Build.0 = Debug|Any CPU
		{2FBC6146-E045-4D5D-A27C-DB59B9B0E340}.Debug|x64.ActiveCfg = Debug|Any CPU
		{2FBC6146-E045-4D5D-A27C-DB59B9B0E340}.Debug|x64.Build.0 = Debug|Any CPU
		{2FBC6146-E045-4D5D-A27C-DB59B9B0E340}.Debug|x86.ActiveCfg = Debug|Any CPU
		{2FBC6146-E045-4D5D-A27C-DB59B9B0E340}.Debug|x86.Build.0 = Debug|Any CPU
		{2FBC6146-E045-4D5D-A27C-DB59B9B0E340}.Release|Any CPU.ActiveCfg = Release|Any CPU
		{2FBC6146-E045-4D5D-A27C-DB59B9B0E340}.Release|Any CPU.Build.0 = Release|Any CPU
		{2FBC6146-E045-4D5D-A27C-DB59B9B0E340}.Release|x64.ActiveCfg = Release|Any CPU
		{2FBC6146-E045-4D5D-A27C-DB59B9B0E340}.Release|x64.Build.0 = Release|Any CPU
		{2FBC6146-E045-4D5D-A27C-DB59B9B0E340}.Release|x86.ActiveCfg = Release|Any CPU
		{2FBC6146-E045-4D5D-A27C-DB59B9B0E340}.Release|x86.Build.0 = Release|Any CPU
		{5BA35FF6-7867-4EDD-A7F4-CC83E2A1273A}.Debug|Any CPU.ActiveCfg = Debug|Any CPU
		{5BA35FF6-7867-4EDD-A7F4-CC83E2A1273A}.Debug|Any CPU.Build.0 = Debug|Any CPU
		{5BA35FF6-7867-4EDD-A7F4-CC83E2A1273A}.Debug|x64.ActiveCfg = Debug|Any CPU
		{5BA35FF6-7867-4EDD-A7F4-CC83E2A1273A}.Debug|x64.Build.0 = Debug|Any CPU
		{5BA35FF6-7867-4EDD-A7F4-CC83E2A1273A}.Debug|x86.ActiveCfg = Debug|Any CPU
		{5BA35FF6-7867-4EDD-A7F4-CC83E2A1273A}.Debug|x86.Build.0 = Debug|Any CPU
		{5BA35FF6-7867-4EDD-A7F4-CC83E2A1273A}.Release|Any CPU.ActiveCfg = Release|Any CPU
		{5BA35FF6-7867-4EDD-A7F4-CC83E2A1273A}.Release|Any CPU.Build.0 = Release|Any CPU
		{5BA35FF6-7867-4EDD-A7F4-CC83E2A1273A}.Release|x64.ActiveCfg = Release|Any CPU
		{5BA35FF6-7867-4EDD-A7F4-CC83E2A1273A}.Release|x64.Build.0 = Release|Any CPU
		{5BA35FF6-7867-4EDD-A7F4-CC83E2A1273A}.Release|x86.ActiveCfg = Release|Any CPU
		{5BA35FF6-7867-4EDD-A7F4-CC83E2A1273A}.Release|x86.Build.0 = Release|Any CPU
		{B17DAA0C-0423-40FD-9884-E794007AA329}.Debug|Any CPU.ActiveCfg = Debug|Any CPU
		{B17DAA0C-0423-40FD-9884-E794007AA329}.Debug|Any CPU.Build.0 = Debug|Any CPU
		{B17DAA0C-0423-40FD-9884-E794007AA329}.Debug|x64.ActiveCfg = Debug|Any CPU
		{B17DAA0C-0423-40FD-9884-E794007AA329}.Debug|x64.Build.0 = Debug|Any CPU
		{B17DAA0C-0423-40FD-9884-E794007AA329}.Debug|x86.ActiveCfg = Debug|Any CPU
		{B17DAA0C-0423-40FD-9884-E794007AA329}.Debug|x86.Build.0 = Debug|Any CPU
		{B17DAA0C-0423-40FD-9884-E794007AA329}.Release|Any CPU.ActiveCfg = Release|Any CPU
		{B17DAA0C-0423-40FD-9884-E794007AA329}.Release|Any CPU.Build.0 = Release|Any CPU
		{B17DAA0C-0423-40FD-9884-E794007AA329}.Release|x64.ActiveCfg = Release|Any CPU
		{B17DAA0C-0423-40FD-9884-E794007AA329}.Release|x64.Build.0 = Release|Any CPU
		{B17DAA0C-0423-40FD-9884-E794007AA329}.Release|x86.ActiveCfg = Release|Any CPU
		{B17DAA0C-0423-40FD-9884-E794007AA329}.Release|x86.Build.0 = Release|Any CPU
		{051AD07A-7133-4B62-8874-1C62F43499E1}.Debug|Any CPU.ActiveCfg = Debug|Any CPU
		{051AD07A-7133-4B62-8874-1C62F43499E1}.Debug|Any CPU.Build.0 = Debug|Any CPU
		{051AD07A-7133-4B62-8874-1C62F43499E1}.Debug|x64.ActiveCfg = Debug|Any CPU
		{051AD07A-7133-4B62-8874-1C62F43499E1}.Debug|x64.Build.0 = Debug|Any CPU
		{051AD07A-7133-4B62-8874-1C62F43499E1}.Debug|x86.ActiveCfg = Debug|Any CPU
		{051AD07A-7133-4B62-8874-1C62F43499E1}.Debug|x86.Build.0 = Debug|Any CPU
		{051AD07A-7133-4B62-8874-1C62F43499E1}.Release|Any CPU.ActiveCfg = Release|Any CPU
		{051AD07A-7133-4B62-8874-1C62F43499E1}.Release|Any CPU.Build.0 = Release|Any CPU
		{051AD07A-7133-4B62-8874-1C62F43499E1}.Release|x64.ActiveCfg = Release|Any CPU
		{051AD07A-7133-4B62-8874-1C62F43499E1}.Release|x64.Build.0 = Release|Any CPU
		{051AD07A-7133-4B62-8874-1C62F43499E1}.Release|x86.ActiveCfg = Release|Any CPU
		{051AD07A-7133-4B62-8874-1C62F43499E1}.Release|x86.Build.0 = Release|Any CPU
		{F21290EC-A22C-49E4-AB78-CC695F9C92B9}.Debug|Any CPU.ActiveCfg = Debug|Any CPU
		{F21290EC-A22C-49E4-AB78-CC695F9C92B9}.Debug|Any CPU.Build.0 = Debug|Any CPU
		{F21290EC-A22C-49E4-AB78-CC695F9C92B9}.Debug|x64.ActiveCfg = Debug|Any CPU
		{F21290EC-A22C-49E4-AB78-CC695F9C92B9}.Debug|x64.Build.0 = Debug|Any CPU
		{F21290EC-A22C-49E4-AB78-CC695F9C92B9}.Debug|x86.ActiveCfg = Debug|Any CPU
		{F21290EC-A22C-49E4-AB78-CC695F9C92B9}.Debug|x86.Build.0 = Debug|Any CPU
		{F21290EC-A22C-49E4-AB78-CC695F9C92B9}.Release|Any CPU.ActiveCfg = Release|Any CPU
		{F21290EC-A22C-49E4-AB78-CC695F9C92B9}.Release|Any CPU.Build.0 = Release|Any CPU
		{F21290EC-A22C-49E4-AB78-CC695F9C92B9}.Release|x64.ActiveCfg = Release|Any CPU
		{F21290EC-A22C-49E4-AB78-CC695F9C92B9}.Release|x64.Build.0 = Release|Any CPU
		{F21290EC-A22C-49E4-AB78-CC695F9C92B9}.Release|x86.ActiveCfg = Release|Any CPU
		{F21290EC-A22C-49E4-AB78-CC695F9C92B9}.Release|x86.Build.0 = Release|Any CPU
		{8698B3D0-2F4B-4563-9C3F-F360C7972975}.Debug|Any CPU.ActiveCfg = Debug|Any CPU
		{8698B3D0-2F4B-4563-9C3F-F360C7972975}.Debug|Any CPU.Build.0 = Debug|Any CPU
		{8698B3D0-2F4B-4563-9C3F-F360C7972975}.Debug|x64.ActiveCfg = Debug|Any CPU
		{8698B3D0-2F4B-4563-9C3F-F360C7972975}.Debug|x64.Build.0 = Debug|Any CPU
		{8698B3D0-2F4B-4563-9C3F-F360C7972975}.Debug|x86.ActiveCfg = Debug|Any CPU
		{8698B3D0-2F4B-4563-9C3F-F360C7972975}.Debug|x86.Build.0 = Debug|Any CPU
		{8698B3D0-2F4B-4563-9C3F-F360C7972975}.Release|Any CPU.ActiveCfg = Release|Any CPU
		{8698B3D0-2F4B-4563-9C3F-F360C7972975}.Release|Any CPU.Build.0 = Release|Any CPU
		{8698B3D0-2F4B-4563-9C3F-F360C7972975}.Release|x64.ActiveCfg = Release|Any CPU
		{8698B3D0-2F4B-4563-9C3F-F360C7972975}.Release|x64.Build.0 = Release|Any CPU
		{8698B3D0-2F4B-4563-9C3F-F360C7972975}.Release|x86.ActiveCfg = Release|Any CPU
		{8698B3D0-2F4B-4563-9C3F-F360C7972975}.Release|x86.Build.0 = Release|Any CPU
	EndGlobalSection
	GlobalSection(NestedProjects) = preSolution
		{081352CA-0817-4D83-9DCD-9922FB8D958C} = {34999EF4-6FBF-4A1D-91C5-72261A2CF7DD}
		{B517BD95-DA26-49A7-A04D-887CE4D1A5CA} = {081352CA-0817-4D83-9DCD-9922FB8D958C}
		{824305D8-FE25-4B58-84FB-A185616BDBF3} = {B517BD95-DA26-49A7-A04D-887CE4D1A5CA}
		{B58D55BD-4292-49D5-8BAE-130BB8FB2FCA} = {B517BD95-DA26-49A7-A04D-887CE4D1A5CA}
		{33974D21-845F-48DF-935F-6A9AB4081339} = {B517BD95-DA26-49A7-A04D-887CE4D1A5CA}
		{6E34DF12-031F-4FC0-A056-F7715D01F7FC} = {B517BD95-DA26-49A7-A04D-887CE4D1A5CA}
		{4BA06E22-6C97-4071-8987-10DC374B483D} = {081352CA-0817-4D83-9DCD-9922FB8D958C}
		{063CB033-45AE-444E-8875-FFDD335F2D23} = {4BA06E22-6C97-4071-8987-10DC374B483D}
		{D30240CD-5E35-4533-BDBB-EE794150A2ED} = {4BA06E22-6C97-4071-8987-10DC374B483D}
		{95473B08-FACF-4945-913E-B445151E8330} = {4BA06E22-6C97-4071-8987-10DC374B483D}
		{2FBC6146-E045-4D5D-A27C-DB59B9B0E340} = {4BA06E22-6C97-4071-8987-10DC374B483D}
		{6F12FCCE-8255-41B7-8D00-AF8635115458} = {081352CA-0817-4D83-9DCD-9922FB8D958C}
		{5BA35FF6-7867-4EDD-A7F4-CC83E2A1273A} = {6F12FCCE-8255-41B7-8D00-AF8635115458}
		{B17DAA0C-0423-40FD-9884-E794007AA329} = {6F12FCCE-8255-41B7-8D00-AF8635115458}
		{2F0F723D-1FF6-4F99-A57E-F0C62CFBFA7B} = {34999EF4-6FBF-4A1D-91C5-72261A2CF7DD}
		{051AD07A-7133-4B62-8874-1C62F43499E1} = {2F0F723D-1FF6-4F99-A57E-F0C62CFBFA7B}
		{A9812F81-0D2A-4825-AB73-A3460B606BE7} = {34999EF4-6FBF-4A1D-91C5-72261A2CF7DD}
		{F21290EC-A22C-49E4-AB78-CC695F9C92B9} = {A9812F81-0D2A-4825-AB73-A3460B606BE7}
		{8698B3D0-2F4B-4563-9C3F-F360C7972975} = {A9812F81-0D2A-4825-AB73-A3460B606BE7}
	EndGlobalSection
EndGlobal
